
Microsoft Visual Studio Solution File, Format Version 11.00
# Visual Studio 2010
Project("{FAE04EC0-301F-11D3-BF4B-00C04F79EFBC}") = "PixateButtonDemo", "PixateButtonDemo.csproj", "{BB630FC5-AFD8-42F5-98F9-77375292DD39}"
EndProject
Global
	GlobalSection(SolutionConfigurationPlatforms) = preSolution
		Debug|iPhoneSimulator = Debug|iPhoneSimulator
		Release|iPhoneSimulator = Release|iPhoneSimulator
		Debug|iPhone = Debug|iPhone
		Release|iPhone = Release|iPhone
		Ad-Hoc|iPhone = Ad-Hoc|iPhone
		AppStore|iPhone = AppStore|iPhone
	EndGlobalSection
	GlobalSection(ProjectConfigurationPlatforms) = postSolution
		{BB630FC5-AFD8-42F5-98F9-77375292DD39}.Ad-Hoc|iPhone.ActiveCfg = Ad-Hoc|iPhone
		{BB630FC5-AFD8-42F5-98F9-77375292DD39}.Ad-Hoc|iPhone.Build.0 = Ad-Hoc|iPhone
		{BB630FC5-AFD8-42F5-98F9-77375292DD39}.AppStore|iPhone.ActiveCfg = AppStore|iPhone
		{BB630FC5-AFD8-42F5-98F9-77375292DD39}.AppStore|iPhone.Build.0 = AppStore|iPhone
		{BB630FC5-AFD8-42F5-98F9-77375292DD39}.Debug|iPhone.ActiveCfg = Debug|iPhone
		{BB630FC5-AFD8-42F5-98F9-77375292DD39}.Debug|iPhone.Build.0 = Debug|iPhone
		{BB630FC5-AFD8-42F5-98F9-77375292DD39}.Debug|iPhoneSimulator.ActiveCfg = Debug|iPhoneSimulator
		{BB630FC5-AFD8-42F5-98F9-77375292DD39}.Debug|iPhoneSimulator.Build.0 = Debug|iPhoneSimulator
		{BB630FC5-AFD8-42F5-98F9-77375292DD39}.Release|iPhone.ActiveCfg = Release|iPhone
		{BB630FC5-AFD8-42F5-98F9-77375292DD39}.Release|iPhone.Build.0 = Release|iPhone
		{BB630FC5-AFD8-42F5-98F9-77375292DD39}.Release|iPhoneSimulator.ActiveCfg = Release|iPhoneSimulator
		{BB630FC5-AFD8-42F5-98F9-77375292DD39}.Release|iPhoneSimulator.Build.0 = Release|iPhoneSimulator
	EndGlobalSection
	GlobalSection(MonoDevelopProperties) = preSolution
		StartupItem = PixateButtonDemo.csproj
	EndGlobalSection
EndGlobal
